// !$*UTF8*$!
{
	archiveVersion = 1;
	classes = {
	};
	objectVersion = 50;
	objects = {

/* Begin PBXBuildFile section */
		6E84079325D1D21600CE2E35 /* PokemonCell.swift in Sources */ = {isa = PBXBuildFile; fileRef = 6E84079225D1D21600CE2E35 /* PokemonCell.swift */; };
		6E9C459E2539A9170065FC70 /* PokedexApp.swift in Sources */ = {isa = PBXBuildFile; fileRef = 6E9C459D2539A9170065FC70 /* PokedexApp.swift */; };
		6E9C45A02539A9170065FC70 /* PokemonListView.swift in Sources */ = {isa = PBXBuildFile; fileRef = 6E9C459F2539A9170065FC70 /* PokemonListView.swift */; };
		6E9C45A22539A9180065FC70 /* Assets.xcassets in Resources */ = {isa = PBXBuildFile; fileRef = 6E9C45A12539A9180065FC70 /* Assets.xcassets */; };
		6E9C45A52539A9180065FC70 /* Preview Assets.xcassets in Resources */ = {isa = PBXBuildFile; fileRef = 6E9C45A42539A9180065FC70 /* Preview Assets.xcassets */; };
		6EAF0AB5253CB48600315691 /* PokemonListViewModel.swift in Sources */ = {isa = PBXBuildFile; fileRef = 6EAF0AB4253CB48600315691 /* PokemonListViewModel.swift */; };
		6EAF0AB9253DC73500315691 /* PokemonListModel.swift in Sources */ = {isa = PBXBuildFile; fileRef = 6EAF0AB8253DC73500315691 /* PokemonListModel.swift */; };
		6EAF0ABD253DC9F300315691 /* ApiService.swift in Sources */ = {isa = PBXBuildFile; fileRef = 6EAF0ABC253DC9F300315691 /* ApiService.swift */; };
		6EAF0AC1253ECD6700315691 /* MyError.swift in Sources */ = {isa = PBXBuildFile; fileRef = 6EAF0AC0253ECD6700315691 /* MyError.swift */; };
/* End PBXBuildFile section */

/* Begin PBXFileReference section */
		6E84079225D1D21600CE2E35 /* PokemonCell.swift */ = {isa = PBXFileReference; lastKnownFileType = sourcecode.swift; path = PokemonCell.swift; sourceTree = "<group>"; };
		6E9C459A2539A9170065FC70 /* Pokedex.app */ = {isa = PBXFileReference; explicitFileType = wrapper.application; includeInIndex = 0; path = Pokedex.app; sourceTree = BUILT_PRODUCTS_DIR; };
		6E9C459D2539A9170065FC70 /* PokedexApp.swift */ = {isa = PBXFileReference; lastKnownFileType = sourcecode.swift; path = PokedexApp.swift; sourceTree = "<group>"; };
		6E9C459F2539A9170065FC70 /* PokemonListView.swift */ = {isa = PBXFileReference; lastKnownFileType = sourcecode.swift; path = PokemonListView.swift; sourceTree = "<group>"; };
		6E9C45A12539A9180065FC70 /* Assets.xcassets */ = {isa = PBXFileReference; lastKnownFileType = folder.assetcatalog; path = Assets.xcassets; sourceTree = "<group>"; };
		6E9C45A42539A9180065FC70 /* Preview Assets.xcassets */ = {isa = PBXFileReference; lastKnownFileType = folder.assetcatalog; path = "Preview Assets.xcassets"; sourceTree = "<group>"; };
		6E9C45A62539A9180065FC70 /* Info.plist */ = {isa = PBXFileReference; lastKnownFileType = text.plist.xml; path = Info.plist; sourceTree = "<group>"; };
		6EAF0AB4253CB48600315691 /* PokemonListViewModel.swift */ = {isa = PBXFileReference; lastKnownFileType = sourcecode.swift; path = PokemonListViewModel.swift; sourceTree = "<group>"; };
		6EAF0AB8253DC73500315691 /* PokemonListModel.swift */ = {isa = PBXFileReference; lastKnownFileType = sourcecode.swift; path = PokemonListModel.swift; sourceTree = "<group>"; };
		6EAF0ABC253DC9F300315691 /* ApiService.swift */ = {isa = PBXFileReference; lastKnownFileType = sourcecode.swift; path = ApiService.swift; sourceTree = "<group>"; };
		6EAF0AC0253ECD6700315691 /* MyError.swift */ = {isa = PBXFileReference; lastKnownFileType = sourcecode.swift; path = MyError.swift; sourceTree = "<group>"; };
/* End PBXFileReference section */

/* Begin PBXFrameworksBuildPhase section */
		6E9C45972539A9170065FC70 /* Frameworks */ = {
			isa = PBXFrameworksBuildPhase;
			buildActionMask = 2147483647;
			files = (
			);
			runOnlyForDeploymentPostprocessing = 0;
		};
/* End PBXFrameworksBuildPhase section */

/* Begin PBXGroup section */
		6E9C45912539A9170065FC70 = {
			isa = PBXGroup;
			children = (
				6E9C459C2539A9170065FC70 /* Pokedex */,
				6E9C459B2539A9170065FC70 /* Products */,
			);
			sourceTree = "<group>";
		};
		6E9C459B2539A9170065FC70 /* Products */ = {
			isa = PBXGroup;
			children = (
				6E9C459A2539A9170065FC70 /* Pokedex.app */,
			);
			name = Products;
			sourceTree = "<group>";
		};
		6E9C459C2539A9170065FC70 /* Pokedex */ = {
			isa = PBXGroup;
			children = (
				6EAF0ABF253ECD5300315691 /* Types */,
				6EAF0ABB253DC9DD00315691 /* Service */,
				6EAF0AB2253CB3CD00315691 /* Views */,
				6EAF0AB1253CB3BB00315691 /* ViewModels */,
				6EAF0AB0253CB3B300315691 /* Models */,
				6E9C459D2539A9170065FC70 /* PokedexApp.swift */,
				6E9C45A12539A9180065FC70 /* Assets.xcassets */,
				6E9C45A62539A9180065FC70 /* Info.plist */,
				6E9C45A32539A9180065FC70 /* Preview Content */,
			);
			path = Pokedex;
			sourceTree = "<group>";
		};
		6E9C45A32539A9180065FC70 /* Preview Content */ = {
			isa = PBXGroup;
			children = (
				6E9C45A42539A9180065FC70 /* Preview Assets.xcassets */,
			);
			path = "Preview Content";
			sourceTree = "<group>";
		};
		6EAF0AB0253CB3B300315691 /* Models */ = {
			isa = PBXGroup;
			children = (
				6EAF0AB8253DC73500315691 /* PokemonListModel.swift */,
			);
			path = Models;
			sourceTree = "<group>";
		};
		6EAF0AB1253CB3BB00315691 /* ViewModels */ = {
			isa = PBXGroup;
			children = (
				6EAF0AB4253CB48600315691 /* PokemonListViewModel.swift */,
			);
			path = ViewModels;
			sourceTree = "<group>";
		};
		6EAF0AB2253CB3CD00315691 /* Views */ = {
			isa = PBXGroup;
			children = (
				6E9C459F2539A9170065FC70 /* PokemonListView.swift */,
				6E84079225D1D21600CE2E35 /* PokemonCell.swift */,
			);
			path = Views;
			sourceTree = "<group>";
		};
		6EAF0ABB253DC9DD00315691 /* Service */ = {
			isa = PBXGroup;
			children = (
				6EAF0ABC253DC9F300315691 /* ApiService.swift */,
			);
			path = Service;
			sourceTree = "<group>";
		};
		6EAF0ABF253ECD5300315691 /* Types */ = {
			isa = PBXGroup;
			children = (
				6EAF0AC0253ECD6700315691 /* MyError.swift */,
			);
			path = Types;
			sourceTree = "<group>";
		};
/* End PBXGroup section */

/* Begin PBXNativeTarget section */
		6E9C45992539A9170065FC70 /* Pokedex */ = {
			isa = PBXNativeTarget;
			buildConfigurationList = 6E9C45A92539A9180065FC70 /* Build configuration list for PBXNativeTarget "Pokedex" */;
			buildPhases = (
				6E9C45962539A9170065FC70 /* Sources */,
				6E9C45972539A9170065FC70 /* Frameworks */,
				6E9C45982539A9170065FC70 /* Resources */,
			);
			buildRules = (
			);
			dependencies = (
			);
			name = Pokedex;
			productName = Pokedex;
			productReference = 6E9C459A2539A9170065FC70 /* Pokedex.app */;
			productType = "com.apple.product-type.application";
		};
/* End PBXNativeTarget section */

/* Begin PBXProject section */
		6E9C45922539A9170065FC70 /* Project object */ = {
			isa = PBXProject;
			attributes = {
				LastSwiftUpdateCheck = 1200;
				LastUpgradeCheck = 1200;
				TargetAttributes = {
					6E9C45992539A9170065FC70 = {
						CreatedOnToolsVersion = 12.0.1;
					};
				};
			};
			buildConfigurationList = 6E9C45952539A9170065FC70 /* Build configuration list for PBXProject "Pokedex" */;
			compatibilityVersion = "Xcode 9.3";
			developmentRegion = en;
			hasScannedForEncodings = 0;
			knownRegions = (
				en,
				Base,
			);
			mainGroup = 6E9C45912539A9170065FC70;
			productRefGroup = 6E9C459B2539A9170065FC70 /* Products */;
			projectDirPath = "";
			projectRoot = "";
			targets = (
				6E9C45992539A9170065FC70 /* Pokedex */,
			);
		};
/* End PBXProject section */

/* Begin PBXResourcesBuildPhase section */
		6E9C45982539A9170065FC70 /* Resources */ = {
			isa = PBXResourcesBuildPhase;
			buildActionMask = 2147483647;
			files = (
				6E9C45A52539A9180065FC70 /* Preview Assets.xcassets in Resources */,
				6E9C45A22539A9180065FC70 /* Assets.xcassets in Resources */,
			);
			runOnlyForDeploymentPostprocessing = 0;
		};
/* End PBXResourcesBuildPhase section */

/* Begin PBXSourcesBuildPhase section */
		6E9C45962539A9170065FC70 /* Sources */ = {
			isa = PBXSourcesBuildPhase;
			buildActionMask = 2147483647;
			files = (
				6EAF0AC1253ECD6700315691 /* MyError.swift in Sources */,
				6E9C45A02539A9170065FC70 /* PokemonListView.swift in Sources */,
				6EAF0ABD253DC9F300315691 /* ApiService.swift in Sources */,
				6EAF0AB5253CB48600315691 /* PokemonListViewModel.swift in Sources */,
				6E9C459E2539A9170065FC70 /* PokedexApp.swift in Sources */,
				6E84079325D1D21600CE2E35 /* PokemonCell.swift in Sources */,
				6EAF0AB9253DC73500315691 /* PokemonListModel.swift in Sources */,
			);
			runOnlyForDeploymentPostprocessing = 0;
		};
/* End PBXSourcesBuildPhase section */

/* Begin XCBuildConfiguration section */
		6E9C45A72539A9180065FC70 /* Debug */ = {
			isa = XCBuildConfiguration;
			buildSettings = {
				ALWAYS_SEARCH_USER_PATHS = NO;
				CLANG_ANALYZER_NONNULL = YES;
				CLANG_ANALYZER_NUMBER_OBJECT_CONVERSION = YES_AGGRESSIVE;
				CLANG_CXX_LANGUAGE_STANDARD = "gnu++14";
				CLANG_CXX_LIBRARY = "libc++";
				CLANG_ENABLE_MODULES = YES;
				CLANG_ENABLE_OBJC_ARC = YES;
				CLANG_ENABLE_OBJC_WEAK = YES;
				CLANG_WARN_BLOCK_CAPTURE_AUTORELEASING = YES;
				CLANG_WARN_BOOL_CONVERSION = YES;
				CLANG_WARN_COMMA = YES;
				CLANG_WARN_CONSTANT_CONVERSION = YES;
				CLANG_WARN_DEPRECATED_OBJC_IMPLEMENTATIONS = YES;
				CLANG_WARN_DIRECT_OBJC_ISA_USAGE = YES_ERROR;
				CLANG_WARN_DOCUMENTATION_COMMENTS = YES;
				CLANG_WARN_EMPTY_BODY = YES;
				CLANG_WARN_ENUM_CONVERSION = YES;
				CLANG_WARN_INFINITE_RECURSION = YES;
				CLANG_WARN_INT_CONVERSION = YES;
				CLANG_WARN_NON_LITERAL_NULL_CONVERSION = YES;
				CLANG_WARN_OBJC_IMPLICIT_RETAIN_SELF = YES;
				CLANG_WARN_OBJC_LITERAL_CONVERSION = YES;
				CLANG_WARN_OBJC_ROOT_CLASS = YES_ERROR;
				CLANG_WARN_QUOTED_INCLUDE_IN_FRAMEWORK_HEADER = YES;
				CLANG_WARN_RANGE_LOOP_ANALYSIS = YES;
				CLANG_WARN_STRICT_PROTOTYPES = YES;
				CLANG_WARN_SUSPICIOUS_MOVE = YES;
				CLANG_WARN_UNGUARDED_AVAILABILITY = YES_AGGRESSIVE;
				CLANG_WARN_UNREACHABLE_CODE = YES;
				CLANG_WARN__DUPLICATE_METHOD_MATCH = YES;
				COPY_PHASE_STRIP = NO;
				DEBUG_INFORMATION_FORMAT = dwarf;
				ENABLE_STRICT_OBJC_MSGSEND = YES;
				ENABLE_TESTABILITY = YES;
				GCC_C_LANGUAGE_STANDARD = gnu11;
				GCC_DYNAMIC_NO_PIC = NO;
				GCC_NO_COMMON_BLOCKS = YES;
				GCC_OPTIMIZATION_LEVEL = 0;
				GCC_PREPROCESSOR_DEFINITIONS = (
					"DEBUG=1",
					"$(inherited)",
				);
				GCC_WARN_64_TO_32_BIT_CONVERSION = YES;
				GCC_WARN_ABOUT_RETURN_TYPE = YES_ERROR;
				GCC_WARN_UNDECLARED_SELECTOR = YES;
				GCC_WARN_UNINITIALIZED_AUTOS = YES_AGGRESSIVE;
				GCC_WARN_UNUSED_FUNCTION = YES;
				GCC_WARN_UNUSED_VARIABLE = YES;
				IPHONEOS_DEPLOYMENT_TARGET = 14.0;
				MTL_ENABLE_DEBUG_INFO = INCLUDE_SOURCE;
				MTL_FAST_MATH = YES;
				ONLY_ACTIVE_ARCH = YES;
				SDKROOT = iphoneos;
				SWIFT_ACTIVE_COMPILATION_CONDITIONS = DEBUG;
				SWIFT_OPTIMIZATION_LEVEL = "-Onone";
			};
			name = Debug;
		};
		6E9C45A82539A9180065FC70 /* Release */ = {
			isa = XCBuildConfiguration;
			buildSettings = {
				ALWAYS_SEARCH_USER_PATHS = NO;
				CLANG_ANALYZER_NONNULL = YES;
				CLANG_ANALYZER_NUMBER_OBJECT_CONVERSION = YES_AGGRESSIVE;
				CLANG_CXX_LANGUAGE_STANDARD = "gnu++14";
				CLANG_CXX_LIBRARY = "libc++";
				CLANG_ENABLE_MODULES = YES;
				CLANG_ENABLE_OBJC_ARC = YES;
				CLANG_ENABLE_OBJC_WEAK = YES;
				CLANG_WARN_BLOCK_CAPTURE_AUTORELEASING = YES;
				CLANG_WARN_BOOL_CONVERSION = YES;
				CLANG_WARN_COMMA = YES;
				CLANG_WARN_CONSTANT_CONVERSION = YES;
				CLANG_WARN_DEPRECATED_OBJC_IMPLEMENTATIONS = YES;
				CLANG_WARN_DIRECT_OBJC_ISA_USAGE = YES_ERROR;
				CLANG_WARN_DOCUMENTATION_COMMENTS = YES;
				CLANG_WARN_EMPTY_BODY = YES;
				CLANG_WARN_ENUM_CONVERSION = YES;
				CLANG_WARN_INFINITE_RECURSION = YES;
				CLANG_WARN_INT_CONVERSION = YES;
				CLANG_WARN_NON_LITERAL_NULL_CONVERSION = YES;
				CLANG_WARN_OBJC_IMPLICIT_RETAIN_SELF = YES;
				CLANG_WARN_OBJC_LITERAL_CONVERSION = YES;
				CLANG_WARN_OBJC_ROOT_CLASS = YES_ERROR;
				CLANG_WARN_QUOTED_INCLUDE_IN_FRAMEWORK_HEADER = YES;
				CLANG_WARN_RANGE_LOOP_ANALYSIS = YES;
				CLANG_WARN_STRICT_PROTOTYPES = YES;
				CLANG_WARN_SUSPICIOUS_MOVE = YES;
				CLANG_WARN_UNGUARDED_AVAILABILITY = YES_AGGRESSIVE;
				CLANG_WARN_UNREACHABLE_CODE = YES;
				CLANG_WARN__DUPLICATE_METHOD_MATCH = YES;
				COPY_PHASE_STRIP = NO;
				DEBUG_INFORMATION_FORMAT = "dwarf-with-dsym";
				ENABLE_NS_ASSERTIONS = NO;
				ENABLE_STRICT_OBJC_MSGSEND = YES;
				GCC_C_LANGUAGE_STANDARD = gnu11;
				GCC_NO_COMMON_BLOCKS = YES;
				GCC_WARN_64_TO_32_BIT_CONVERSION = YES;
				GCC_WARN_ABOUT_RETURN_TYPE = YES_ERROR;
				GCC_WARN_UNDECLARED_SELECTOR = YES;
				GCC_WARN_UNINITIALIZED_AUTOS = YES_AGGRESSIVE;
				GCC_WARN_UNUSED_FUNCTION = YES;
				GCC_WARN_UNUSED_VARIABLE = YES;
				IPHONEOS_DEPLOYMENT_TARGET = 14.0;
				MTL_ENABLE_DEBUG_INFO = NO;
				MTL_FAST_MATH = YES;
				SDKROOT = iphoneos;
				SWIFT_COMPILATION_MODE = wholemodule;
				SWIFT_OPTIMIZATION_LEVEL = "-O";
				VALIDATE_PRODUCT = YES;
			};
			name = Release;
		};
		6E9C45AA2539A9180065FC70 /* Debug */ = {
			isa = XCBuildConfiguration;
			buildSettings = {
				ASSETCATALOG_COMPILER_APPICON_NAME = AppIcon;
				ASSETCATALOG_COMPILER_GLOBAL_ACCENT_COLOR_NAME = AccentColor;
				CODE_SIGN_STYLE = Automatic;
				DEVELOPMENT_ASSET_PATHS = "\"Pokedex/Preview Content\"";
				DEVELOPMENT_TEAM = M8S956QKFH;
				ENABLE_PREVIEWS = YES;
				INFOPLIST_FILE = Pokedex/Info.plist;
				IPHONEOS_DEPLOYMENT_TARGET = 14.0;
				LD_RUNPATH_SEARCH_PATHS = (
					"$(inherited)",
					"@executable_path/Frameworks",
				);
				PRODUCT_BUNDLE_IDENTIFIER = gr.pokemon.Pokedex;
				PRODUCT_NAME = "$(TARGET_NAME)";
				SWIFT_VERSION = 5.0;
				TARGETED_DEVICE_FAMILY = "1,2";
			};
			name = Debug;
		};
		6E9C45AB2539A9180065FC70 /* Release */ = {
			isa = XCBuildConfiguration;
			buildSettings = {
				ASSETCATALOG_COMPILER_APPICON_NAME = AppIcon;
				ASSETCATALOG_COMPILER_GLOBAL_ACCENT_COLOR_NAME = AccentColor;
				CODE_SIGN_STYLE = Automatic;
				DEVELOPMENT_ASSET_PATHS = "\"Pokedex/Preview Content\"";
				DEVELOPMENT_TEAM = M8S956QKFH;
				ENABLE_PREVIEWS = YES;
				INFOPLIST_FILE = Pokedex/Info.plist;
				IPHONEOS_DEPLOYMENT_TARGET = 14.0;
				LD_RUNPATH_SEARCH_PATHS = (
					"$(inherited)",
					"@executable_path/Frameworks",
				);
				PRODUCT_BUNDLE_IDENTIFIER = gr.pokemon.Pokedex;
				PRODUCT_NAME = "$(TARGET_NAME)";
				SWIFT_VERSION = 5.0;
				TARGETED_DEVICE_FAMILY = "1,2";
			};
			name = Release;
		};
/* End XCBuildConfiguration section */

/* Begin XCConfigurationList section */
		6E9C45952539A9170065FC70 /* Build configuration list for PBXProject "Pokedex" */ = {
			isa = XCConfigurationList;
			buildConfigurations = (
				6E9C45A72539A9180065FC70 /* Debug */,
				6E9C45A82539A9180065FC70 /* Release */,
			);
			defaultConfigurationIsVisible = 0;
			defaultConfigurationName = Release;
		};
		6E9C45A92539A9180065FC70 /* Build configuration list for PBXNativeTarget "Pokedex" */ = {
			isa = XCConfigurationList;
			buildConfigurations = (
				6E9C45AA2539A9180065FC70 /* Debug */,
				6E9C45AB2539A9180065FC70 /* Release */,
			);
			defaultConfigurationIsVisible = 0;
			defaultConfigurationName = Release;
		};
/* End XCConfigurationList section */
	};
	rootObject = 6E9C45922539A9170065FC70 /* Project object */;
}
